
Microsoft Visual Studio Solution File, Format Version 12.00
# Visual Studio Version 17
VisualStudioVersion = 17.1.32421.90
MinimumVisualStudioVersion = 10.0.40219.1
Project("{FAE04EC0-301F-11D3-BF4B-00C04F79EFBC}") = "ITP1_7_C", "ITP1_7_C\ITP1_7_C.csproj", "{0B34F2DD-7D28-4BA9-A9CB-19C1F3D64705}"
EndProject
Global
	GlobalSection(SolutionConfigurationPlatforms) = preSolution
		Debug|Any CPU = Debug|Any CPU
		Release|Any CPU = Release|Any CPU
	EndGlobalSection
	GlobalSection(ProjectConfigurationPlatforms) = postSolution
		{0B34F2DD-7D28-4BA9-A9CB-19C1F3D64705}.Debug|Any CPU.ActiveCfg = Debug|Any CPU
		{0B34F2DD-7D28-4BA9-A9CB-19C1F3D64705}.Debug|Any CPU.Build.0 = Debug|Any CPU
		{0B34F2DD-7D28-4BA9-A9CB-19C1F3D64705}.Release|Any CPU.ActiveCfg = Release|Any CPU
		{0B34F2DD-7D28-4BA9-A9CB-19C1F3D64705}.Release|Any CPU.Build.0 = Release|Any CPU
	EndGlobalSection
	GlobalSection(SolutionProperties) = preSolution
		HideSolutionNode = FALSE
	EndGlobalSection
	GlobalSection(ExtensibilityGlobals) = postSolution
		SolutionGuid = {382F51F7-9EC2-463A-9D4F-CBAE94A227E7}
	EndGlobalSection
EndGlobal
